
Microsoft Visual Studio Solution File, Format Version 12.00
# Visual Studio 14
VisualStudioVersion = 14.0.25420.1
MinimumVisualStudioVersion = 10.0.40219.1
Project("{FAE04EC0-301F-11D3-BF4B-00C04F79EFBC}") = "JungleBattle_Server", "JungleBattle_Server\JungleBattle_Server.csproj", "{C4EDE708-1B33-402F-BF39-CE51390E9FFE}"
EndProject
Project("{FAE04EC0-301F-11D3-BF4B-00C04F79EFBC}") = "TCP_Client", "TCP_Client\TCP_Client.csproj", "{D64DD2ED-110C-4141-9E0E-6F1967357141}"
EndProject
Project("{FAE04EC0-301F-11D3-BF4B-00C04F79EFBC}") = "Common", "Common\Common.csproj", "{4F78D177-D115-4B8E-AA35-43F7329586E8}"
EndProject
Global
	GlobalSection(SolutionConfigurationPlatforms) = preSolution
		Debug|Any CPU = Debug|Any CPU
		Release|Any CPU = Release|Any CPU
	EndGlobalSection
	GlobalSection(ProjectConfigurationPlatforms) = postSolution
		{C4EDE708-1B33-402F-BF39-CE51390E9FFE}.Debug|Any CPU.ActiveCfg = Debug|Any CPU
		{C4EDE708-1B33-402F-BF39-CE51390E9FFE}.Debug|Any CPU.Build.0 = Debug|Any CPU
		{C4EDE708-1B33-402F-BF39-CE51390E9FFE}.Release|Any CPU.ActiveCfg = Release|Any CPU
		{C4EDE708-1B33-402F-BF39-CE51390E9FFE}.Release|Any CPU.Build.0 = Release|Any CPU
		{D64DD2ED-110C-4141-9E0E-6F1967357141}.Debug|Any CPU.ActiveCfg = Debug|Any CPU
		{D64DD2ED-110C-4141-9E0E-6F1967357141}.Debug|Any CPU.Build.0 = Debug|Any CPU
		{D64DD2ED-110C-4141-9E0E-6F1967357141}.Release|Any CPU.ActiveCfg = Release|Any CPU
		{D64DD2ED-110C-4141-9E0E-6F1967357141}.Release|Any CPU.Build.0 = Release|Any CPU
		{4F78D177-D115-4B8E-AA35-43F7329586E8}.Debug|Any CPU.ActiveCfg = Debug|Any CPU
		{4F78D177-D115-4B8E-AA35-43F7329586E8}.Debug|Any CPU.Build.0 = Debug|Any CPU
		{4F78D177-D115-4B8E-AA35-43F7329586E8}.Release|Any CPU.ActiveCfg = Release|Any CPU
		{4F78D177-D115-4B8E-AA35-43F7329586E8}.Release|Any CPU.Build.0 = Release|Any CPU
	EndGlobalSection
	GlobalSection(SolutionProperties) = preSolution
		HideSolutionNode = FALSE
	EndGlobalSection
EndGlobal
